
Microsoft Visual Studio Solution File, Format Version 12.00
# Visual Studio Version 16
VisualStudioVersion = 16.0.29728.190
MinimumVisualStudioVersion = 10.0.40219.1
Project("{FAE04EC0-301F-11D3-BF4B-00C04F79EFBC}") = "File Manager", "File Manager\File Manager.csproj", "{C1F50EE0-D9C3-41A4-9FAE-74916D8AB2AF}"
EndProject
Global
	GlobalSection(SolutionConfigurationPlatforms) = preSolution
		Debug|Any CPU = Debug|Any CPU
		Release|Any CPU = Release|Any CPU
	EndGlobalSection
	GlobalSection(ProjectConfigurationPlatforms) = postSolution
		{C1F50EE0-D9C3-41A4-9FAE-74916D8AB2AF}.Debug|Any CPU.ActiveCfg = Debug|Any CPU
		{C1F50EE0-D9C3-41A4-9FAE-74916D8AB2AF}.Debug|Any CPU.Build.0 = Debug|Any CPU
		{C1F50EE0-D9C3-41A4-9FAE-74916D8AB2AF}.Release|Any CPU.ActiveCfg = Release|Any CPU
		{C1F50EE0-D9C3-41A4-9FAE-74916D8AB2AF}.Release|Any CPU.Build.0 = Release|Any CPU
	EndGlobalSection
	GlobalSection(SolutionProperties) = preSolution
		HideSolutionNode = FALSE
	EndGlobalSection
	GlobalSection(ExtensibilityGlobals) = postSolution
		SolutionGuid = {602A1CC4-2A1C-4D6F-BAB9-37E99F27D664}
	EndGlobalSection
EndGlobal
